
Microsoft Visual Studio Solution File, Format Version 12.00
# Visual Studio Version 16
VisualStudioVersion = 16.0.31729.503
MinimumVisualStudioVersion = 10.0.40219.1
Project("{9A19103F-16F7-4668-BE54-9A1E7A4F7556}") = "crypto-labs", "crypto-labs\crypto-labs.csproj", "{A9CC5CA5-BBF5-4458-8E0C-73B3390CE73B}"
EndProject
Project("{9A19103F-16F7-4668-BE54-9A1E7A4F7556}") = "lab1", "lab1\lab1.csproj", "{1E2FC430-2687-48B3-B4C9-CE83625F3940}"
EndProject
Project("{2150E333-8FDC-42A3-9474-1A3956D46DE8}") = "Solution Items", "Solution Items", "{8D51EDF4-8D36-40F8-BE17-76774C3B321B}"
	ProjectSection(SolutionItems) = preProject
		1. Intro.txt = 1. Intro.txt
		Step1.txt = Step1.txt
		Step2.txt = Step2.txt
		Step3.txt = Step3.txt
	EndProjectSection
EndProject
Project("{FAE04EC0-301F-11D3-BF4B-00C04F79EFBC}") = "lab2", "lab2\lab2.csproj", "{949CBFAB-C048-4A2A-97BE-C9856CD43E8B}"
EndProject
Global
	GlobalSection(SolutionConfigurationPlatforms) = preSolution
		Debug|Any CPU = Debug|Any CPU
		Release|Any CPU = Release|Any CPU
	EndGlobalSection
	GlobalSection(ProjectConfigurationPlatforms) = postSolution
		{A9CC5CA5-BBF5-4458-8E0C-73B3390CE73B}.Debug|Any CPU.ActiveCfg = Debug|Any CPU
		{A9CC5CA5-BBF5-4458-8E0C-73B3390CE73B}.Debug|Any CPU.Build.0 = Debug|Any CPU
		{A9CC5CA5-BBF5-4458-8E0C-73B3390CE73B}.Release|Any CPU.ActiveCfg = Release|Any CPU
		{A9CC5CA5-BBF5-4458-8E0C-73B3390CE73B}.Release|Any CPU.Build.0 = Release|Any CPU
		{1E2FC430-2687-48B3-B4C9-CE83625F3940}.Debug|Any CPU.ActiveCfg = Debug|Any CPU
		{1E2FC430-2687-48B3-B4C9-CE83625F3940}.Debug|Any CPU.Build.0 = Debug|Any CPU
		{1E2FC430-2687-48B3-B4C9-CE83625F3940}.Release|Any CPU.ActiveCfg = Release|Any CPU
		{1E2FC430-2687-48B3-B4C9-CE83625F3940}.Release|Any CPU.Build.0 = Release|Any CPU
		{949CBFAB-C048-4A2A-97BE-C9856CD43E8B}.Debug|Any CPU.ActiveCfg = Debug|Any CPU
		{949CBFAB-C048-4A2A-97BE-C9856CD43E8B}.Debug|Any CPU.Build.0 = Debug|Any CPU
		{949CBFAB-C048-4A2A-97BE-C9856CD43E8B}.Release|Any CPU.ActiveCfg = Release|Any CPU
		{949CBFAB-C048-4A2A-97BE-C9856CD43E8B}.Release|Any CPU.Build.0 = Release|Any CPU
	EndGlobalSection
	GlobalSection(SolutionProperties) = preSolution
		HideSolutionNode = FALSE
	EndGlobalSection
	GlobalSection(ExtensibilityGlobals) = postSolution
		SolutionGuid = {C026BB18-9A15-4B9A-BAB9-36D16130C49F}
	EndGlobalSection
EndGlobal
